
Microsoft Visual Studio Solution File, Format Version 12.00
# Visual Studio 2013
VisualStudioVersion = 12.0.30723.0
MinimumVisualStudioVersion = 10.0.40219.1
Project("{FAE04EC0-301F-11D3-BF4B-00C04F79EFBC}") = "PresentationLayer", "PresentationLayer\PresentationLayer.csproj", "{D436926C-9AB1-4F06-9F9E-D51D775BF1F6}"
EndProject
Project("{FAE04EC0-301F-11D3-BF4B-00C04F79EFBC}") = "BussinessLogicLayer", "BussinessLogicLayer\BussinessLogicLayer.csproj", "{2919AD12-8A3B-4D71-9EF6-5A71B2B6C71B}"
EndProject
Project("{FAE04EC0-301F-11D3-BF4B-00C04F79EFBC}") = "DataAccessLayer", "DataAccessLayer\DataAccessLayer.csproj", "{3A01C5F7-9ADD-49FF-AFD1-DF7BE0410E7C}"
EndProject
Project("{FAE04EC0-301F-11D3-BF4B-00C04F79EFBC}") = "DataTranferObject", "DataTranferObject\DataTranferObject.csproj", "{7FC967FA-3F49-4D53-B444-E2776928A4E2}"
EndProject
Global
	GlobalSection(SolutionConfigurationPlatforms) = preSolution
		Debug|Any CPU = Debug|Any CPU
		Release|Any CPU = Release|Any CPU
	EndGlobalSection
	GlobalSection(ProjectConfigurationPlatforms) = postSolution
		{D436926C-9AB1-4F06-9F9E-D51D775BF1F6}.Debug|Any CPU.ActiveCfg = Debug|Any CPU
		{D436926C-9AB1-4F06-9F9E-D51D775BF1F6}.Debug|Any CPU.Build.0 = Debug|Any CPU
		{D436926C-9AB1-4F06-9F9E-D51D775BF1F6}.Release|Any CPU.ActiveCfg = Release|Any CPU
		{D436926C-9AB1-4F06-9F9E-D51D775BF1F6}.Release|Any CPU.Build.0 = Release|Any CPU
		{2919AD12-8A3B-4D71-9EF6-5A71B2B6C71B}.Debug|Any CPU.ActiveCfg = Debug|Any CPU
		{2919AD12-8A3B-4D71-9EF6-5A71B2B6C71B}.Debug|Any CPU.Build.0 = Debug|Any CPU
		{2919AD12-8A3B-4D71-9EF6-5A71B2B6C71B}.Release|Any CPU.ActiveCfg = Release|Any CPU
		{2919AD12-8A3B-4D71-9EF6-5A71B2B6C71B}.Release|Any CPU.Build.0 = Release|Any CPU
		{3A01C5F7-9ADD-49FF-AFD1-DF7BE0410E7C}.Debug|Any CPU.ActiveCfg = Debug|Any CPU
		{3A01C5F7-9ADD-49FF-AFD1-DF7BE0410E7C}.Debug|Any CPU.Build.0 = Debug|Any CPU
		{3A01C5F7-9ADD-49FF-AFD1-DF7BE0410E7C}.Release|Any CPU.ActiveCfg = Release|Any CPU
		{3A01C5F7-9ADD-49FF-AFD1-DF7BE0410E7C}.Release|Any CPU.Build.0 = Release|Any CPU
		{7FC967FA-3F49-4D53-B444-E2776928A4E2}.Debug|Any CPU.ActiveCfg = Debug|Any CPU
		{7FC967FA-3F49-4D53-B444-E2776928A4E2}.Debug|Any CPU.Build.0 = Debug|Any CPU
		{7FC967FA-3F49-4D53-B444-E2776928A4E2}.Release|Any CPU.ActiveCfg = Release|Any CPU
		{7FC967FA-3F49-4D53-B444-E2776928A4E2}.Release|Any CPU.Build.0 = Release|Any CPU
	EndGlobalSection
	GlobalSection(SolutionProperties) = preSolution
		HideSolutionNode = FALSE
	EndGlobalSection
EndGlobal
